{
  "name": "data",
  "version": "1.0.0",
  "lockfileVersion": 1,
  "requires": true,
  "dependencies": {
    "@babel/runtime": {
      "version": "7.0.0-beta.46",
      "resolved": "https://registry.npmjs.org/@babel/runtime/-/runtime-7.0.0-beta.46.tgz",
      "integrity": "sha512-/3a3USMKk54BEHhDgY8rtxtaQOs4bp4aQwo6SDtdwmrXmgSgEusWuXNX5oIs/nwzmTD9o8wz2EyAjA+uHDMmJA==",
      "requires": {
        "core-js": "2.5.5",
        "regenerator-runtime": "0.11.1"
      }
    },
    "@types/node": {
      "version": "9.6.8",
      "resolved": "https://registry.npmjs.org/@types/node/-/node-9.6.8.tgz",
      "integrity": "sha512-0PmgMBskTJa7zDyENW9C7Lunk+I0L2CHYF2RrBRljCmLSMM1fBHIIdvE1IboNNz7N6t+raJIj90YMvUYl2VT1g=="
    },
    "@useful/mongo": {
      "version": "0.1.5",
      "resolved": "https://registry.npmjs.org/@useful/mongo/-/mongo-0.1.5.tgz",
      "integrity": "sha512-w5cUIoSJgJwpGd3DtMl51RfHtcasGptVajAnGsXhmlcDE3/+sZE1QcUfKq5jSoc7ku91qLyWOLZLPctutUVBbw==",
      "requires": {
        "@babel/runtime": "7.0.0-beta.46",
        "mongodb": "3.0.7"
      }
    },
    "apollo-cache-control": {
      "version": "0.1.1",
      "resolved": "https://registry.npmjs.org/apollo-cache-control/-/apollo-cache-control-0.1.1.tgz",
      "integrity": "sha512-XJQs167e9u+e5ybSi51nGYr70NPBbswdvTEHtbtXbwkZ+n9t0SLPvUcoqceayOSwjK1XYOdU/EKPawNdb3rLQA==",
      "requires": {
        "graphql-extensions": "0.0.10"
      }
    },
    "apollo-link": {
      "version": "1.2.1",
      "resolved": "https://registry.npmjs.org/apollo-link/-/apollo-link-1.2.1.tgz",
      "integrity": "sha512-6Ghf+j3cQLCIvjXd2dJrLw+16HZbWbwmB1qlTc41BviB2hv+rK1nJr17Y9dWK0UD4p3i9Hfddx3tthpMKrueHg==",
      "requires": {
        "@types/node": "9.6.8",
        "apollo-utilities": "1.0.11",
        "zen-observable-ts": "0.8.9"
      }
    },
    "apollo-server-core": {
      "version": "1.3.6",
      "resolved": "https://registry.npmjs.org/apollo-server-core/-/apollo-server-core-1.3.6.tgz",
      "integrity": "sha1-CGNiQ8LeVvqMJn1o3WAssfvTI+M=",
      "requires": {
        "apollo-cache-control": "0.1.1",
        "apollo-tracing": "0.1.4",
        "graphql-extensions": "0.0.10"
      }
    },
    "apollo-server-lambda": {
      "version": "1.3.6",
      "resolved": "https://registry.npmjs.org/apollo-server-lambda/-/apollo-server-lambda-1.3.6.tgz",
      "integrity": "sha1-varDfxQ8Z5jkC4rnVYC6ZzzqJg4=",
      "requires": {
        "apollo-server-core": "1.3.6",
        "apollo-server-module-graphiql": "1.3.4"
      }
    },
    "apollo-server-module-graphiql": {
      "version": "1.3.4",
      "resolved": "https://registry.npmjs.org/apollo-server-module-graphiql/-/apollo-server-module-graphiql-1.3.4.tgz",
      "integrity": "sha1-UDmbfFG3Jn0MhBUp9Rc+X8cwTeQ="
    },
    "apollo-tracing": {
      "version": "0.1.4",
      "resolved": "https://registry.npmjs.org/apollo-tracing/-/apollo-tracing-0.1.4.tgz",
      "integrity": "sha512-Uv+1nh5AsNmC3m130i2u3IqbS+nrxyVV3KYimH5QKsdPjxxIQB3JAT+jJmpeDxBel8gDVstNmCh82QSLxLSIdQ==",
      "requires": {
        "graphql-extensions": "0.0.10"
      }
    },
    "apollo-utilities": {
      "version": "1.0.11",
      "resolved": "https://registry.npmjs.org/apollo-utilities/-/apollo-utilities-1.0.11.tgz",
      "integrity": "sha512-SAjRTqcYVHwpct+bcwX3x3zGEQOkNzj3Ri7Iy+vFIozxS8xtdkQqPiML7S6EI9Q2IuimQ7gvuYFHY0HQK0O1AA=="
    },
    "argparse": {
      "version": "1.0.10",
      "resolved": "https://registry.npmjs.org/argparse/-/argparse-1.0.10.tgz",
      "integrity": "sha512-o5Roy6tNG4SL/FOkCAN6RzjiakZS25RLYFrcMttJqbdd8BWrnA+fGz57iN5Pb06pvBGvl5gQ0B48dJlslXvoTg==",
      "requires": {
        "sprintf-js": "1.0.3"
      }
    },
    "balanced-match": {
      "version": "1.0.0",
      "resolved": "https://registry.npmjs.org/balanced-match/-/balanced-match-1.0.0.tgz",
      "integrity": "sha1-ibTRmasr7kneFk6gK4nORi1xt2c="
    },
    "base64url": {
      "version": "2.0.0",
      "resolved": "https://registry.npmjs.org/base64url/-/base64url-2.0.0.tgz",
      "integrity": "sha1-6sFuA+oUOO/5Qj1puqNiYu0fcLs="
    },
    "bcryptjs": {
      "version": "2.4.3",
      "resolved": "https://registry.npmjs.org/bcryptjs/-/bcryptjs-2.4.3.tgz",
      "integrity": "sha1-mrVie5PmBiH/fNrF2pczAn3x0Ms="
    },
    "brace-expansion": {
      "version": "1.1.11",
      "resolved": "https://registry.npmjs.org/brace-expansion/-/brace-expansion-1.1.11.tgz",
      "integrity": "sha512-iCuPHDFgrHX7H2vEI/5xpz07zSHB00TpugqhmYtVmMO6518mCuRMoOYFldEBl0g187ufozdaHgWKcYFb61qGiA==",
      "requires": {
        "balanced-match": "1.0.0",
        "concat-map": "0.0.1"
      }
    },
    "bson": {
      "version": "1.0.6",
      "resolved": "https://registry.npmjs.org/bson/-/bson-1.0.6.tgz",
      "integrity": "sha512-D8zmlb46xfuK2gGvKmUjIklQEouN2nQ0LEHHeZ/NoHM2LDiMk2EYzZ5Ntw/Urk+bgMDosOZxaRzXxvhI5TcAVQ=="
    },
    "buffer-equal-constant-time": {
      "version": "1.0.1",
      "resolved": "https://registry.npmjs.org/buffer-equal-constant-time/-/buffer-equal-constant-time-1.0.1.tgz",
      "integrity": "sha1-+OcRMvf/5uAaXJaXpMbz5I1cyBk="
    },
    "buffer-from": {
      "version": "1.0.0",
      "resolved": "https://registry.npmjs.org/buffer-from/-/buffer-from-1.0.0.tgz",
      "integrity": "sha512-83apNb8KK0Se60UE1+4Ukbe3HbfELJ6UlI4ldtOGs7So4KD26orJM8hIY9lxdzP+UpItH1Yh/Y8GUvNFWFFRxA=="
    },
    "concat-map": {
      "version": "0.0.1",
      "resolved": "https://registry.npmjs.org/concat-map/-/concat-map-0.0.1.tgz",
      "integrity": "sha1-2Klr13/Wjfd5OnMDajug1UBdR3s="
    },
    "core-js": {
      "version": "2.5.5",
      "resolved": "https://registry.npmjs.org/core-js/-/core-js-2.5.5.tgz",
      "integrity": "sha1-sU3ek2xkDAV5prUMq8wTLdYSfjs="
    },
    "cross-fetch": {
      "version": "2.0.0",
      "resolved": "https://registry.npmjs.org/cross-fetch/-/cross-fetch-2.0.0.tgz",
      "integrity": "sha512-gnx0GnDyW73iDq6DpqceL8i4GGn55PPKDzNwZkopJ3mKPcfJ0BUIXBsnYfJBVw+jFDB+hzIp2ELNRdqoxN6M3w==",
      "requires": {
        "node-fetch": "2.0.0",
        "whatwg-fetch": "2.0.3"
      }
    },
    "dataloader": {
      "version": "1.4.0",
      "resolved": "https://registry.npmjs.org/dataloader/-/dataloader-1.4.0.tgz",
      "integrity": "sha512-68s5jYdlvasItOJnCuI2Q9s4q98g0pCyL3HrcKJu8KNugUl8ahgmZYg38ysLTgQjjXX3H8CJLkAvWrclWfcalw=="
    },
    "deprecated-decorator": {
      "version": "0.1.6",
      "resolved": "https://registry.npmjs.org/deprecated-decorator/-/deprecated-decorator-0.1.6.tgz",
      "integrity": "sha1-AJZjF7ehL+kvPMgx91g68ym4bDc="
    },
    "ecdsa-sig-formatter": {
      "version": "1.0.9",
      "resolved": "https://registry.npmjs.org/ecdsa-sig-formatter/-/ecdsa-sig-formatter-1.0.9.tgz",
      "integrity": "sha1-S8kmJ07Dtau1AW5+HWCSGsJisqE=",
      "requires": {
        "base64url": "2.0.0",
        "safe-buffer": "5.1.2"
      }
    },
    "esprima": {
      "version": "4.0.0",
      "resolved": "https://registry.npmjs.org/esprima/-/esprima-4.0.0.tgz",
      "integrity": "sha512-oftTcaMu/EGrEIu904mWteKIv8vMuOgGYo7EhVJJN00R/EED9DCua/xxHRdYnKtcECzVg7xOWhflvJMnqcFZjw=="
    },
    "graphql": {
      "version": "0.13.2",
      "resolved": "https://registry.npmjs.org/graphql/-/graphql-0.13.2.tgz",
      "integrity": "sha512-QZ5BL8ZO/B20VA8APauGBg3GyEgZ19eduvpLWoq5x7gMmWnHoy8rlQWPLmWgFvo1yNgjSEFMesmS4R6pPr7xog==",
      "requires": {
        "iterall": "1.2.2"
      }
    },
    "graphql-config": {
      "version": "2.0.0",
      "resolved": "https://registry.npmjs.org/graphql-config/-/graphql-config-2.0.0.tgz",
      "integrity": "sha512-//hZmROEk79zzPlH6SVTQeXd8NVV65rquz1zxZeO6oEuX5KNnii8+oznLu7d897EfJ+NShTZtsY9FMmxxkWmJw==",
      "requires": {
        "graphql-import": "0.4.5",
        "graphql-request": "1.5.2",
        "js-yaml": "3.11.0",
        "lodash": "4.17.10",
        "minimatch": "3.0.4"
      }
    },
    "graphql-extensions": {
      "version": "0.0.10",
      "resolved": "https://registry.npmjs.org/graphql-extensions/-/graphql-extensions-0.0.10.tgz",
      "integrity": "sha512-TnQueqUDCYzOSrpQb3q1ngDSP2otJSF+9yNLrQGPzkMsvnQ+v6e2d5tl+B35D4y+XpmvVnAn4T3ZK28mkILveA==",
      "requires": {
        "core-js": "2.5.5",
        "source-map-support": "0.5.5"
      }
    },
    "graphql-import": {
      "version": "0.4.5",
      "resolved": "https://registry.npmjs.org/graphql-import/-/graphql-import-0.4.5.tgz",
      "integrity": "sha512-G/+I08Qp6/QGTb9qapknCm3yPHV0ZL7wbaalWFpxsfR8ZhZoTBe//LsbsCKlbALQpcMegchpJhpTSKiJjhaVqQ==",
      "requires": {
        "lodash": "4.17.10"
      }
    },
    "graphql-playground-html": {
      "version": "1.5.5",
      "resolved": "https://registry.npmjs.org/graphql-playground-html/-/graphql-playground-html-1.5.5.tgz",
      "integrity": "sha512-PzSywpEKcjbDUkV6e3ivEixvAuUJGyYmBUvuittzySe/RgwHRo0xKLD7HouUCTbpFfWMw8kRKhAUVtt7Ys97uw==",
      "requires": {
        "graphql-config": "2.0.0"
      }
    },
    "graphql-playground-middleware-lambda": {
      "version": "1.5.1",
      "resolved": "https://registry.npmjs.org/graphql-playground-middleware-lambda/-/graphql-playground-middleware-lambda-1.5.1.tgz",
      "integrity": "sha512-eb1KqIL6tTgQ/LhZvPEq5vubGdOtG79RduPkjc9JaSJuJzGiHp4o7b8soTu5HDwSf9VIigEflk0grD1pB06Sbg==",
      "requires": {
        "graphql-playground-html": "1.5.5"
      }
    },
    "graphql-request": {
      "version": "1.5.2",
      "resolved": "https://registry.npmjs.org/graphql-request/-/graphql-request-1.5.2.tgz",
      "integrity": "sha512-JwnyE2kKv87ex2mo/STFoya0g6wGkE0MfH4NcLx/n/N0uSYRayfr47Mr5xMuuN4Ix7S1XJ2ix15/aLA1B89suA==",
      "requires": {
        "cross-fetch": "2.0.0"
      }
    },
    "graphql-tag": {
      "version": "2.9.2",
      "resolved": "https://registry.npmjs.org/graphql-tag/-/graphql-tag-2.9.2.tgz",
      "integrity": "sha512-qnNmof9pAqj/LUzs3lStP0Gw1qhdVCUS7Ab7+SUB6KD5aX1uqxWQRwMnOGTkhKuLvLNIs1TvNz+iS9kUGl1MhA==",
      "dev": true
    },
    "graphql-tools": {
      "version": "3.0.0",
      "resolved": "https://registry.npmjs.org/graphql-tools/-/graphql-tools-3.0.0.tgz",
      "integrity": "sha512-orcLQm0pc6dcIvFyAudgmno/akZy07bbMalTv5dj6B8uW2ZPmwIANr7pDEJoiumb67h2kZjsU9yvgTwmF0kMPQ==",
      "requires": {
        "apollo-link": "1.2.1",
        "apollo-utilities": "1.0.11",
        "deprecated-decorator": "0.1.6",
        "iterall": "1.2.2",
        "uuid": "3.2.1"
      }
    },
    "iterall": {
      "version": "1.2.2",
      "resolved": "https://registry.npmjs.org/iterall/-/iterall-1.2.2.tgz",
      "integrity": "sha512-yynBb1g+RFUPY64fTrFv7nsjRrENBQJaX2UL+2Szc9REFrSNm1rpSXHGzhmAy7a9uv3vlvgBlXnf9RqmPH1/DA=="
    },
    "js-yaml": {
      "version": "3.11.0",
      "resolved": "https://registry.npmjs.org/js-yaml/-/js-yaml-3.11.0.tgz",
      "integrity": "sha512-saJstZWv7oNeOyBh3+Dx1qWzhW0+e6/8eDzo7p5rDFqxntSztloLtuKu+Ejhtq82jsilwOIZYsCz+lIjthg1Hw==",
      "requires": {
        "argparse": "1.0.10",
        "esprima": "4.0.0"
      }
    },
    "jsonwebtoken": {
      "version": "8.2.1",
      "resolved": "https://registry.npmjs.org/jsonwebtoken/-/jsonwebtoken-8.2.1.tgz",
      "integrity": "sha512-l8rUBr0fqYYwPc8/ZGrue7GiW7vWdZtZqelxo4Sd5lMvuEeCK8/wS54sEo6tJhdZ6hqfutsj6COgC0d1XdbHGw==",
      "requires": {
        "jws": "3.1.4",
        "lodash.includes": "4.3.0",
        "lodash.isboolean": "3.0.3",
        "lodash.isinteger": "4.0.4",
        "lodash.isnumber": "3.0.3",
        "lodash.isplainobject": "4.0.6",
        "lodash.isstring": "4.0.1",
        "lodash.once": "4.1.1",
        "ms": "2.1.1",
        "xtend": "4.0.1"
      }
    },
    "jwa": {
      "version": "1.1.5",
      "resolved": "https://registry.npmjs.org/jwa/-/jwa-1.1.5.tgz",
      "integrity": "sha1-oFUs4CIHQs1S4VN3SjKQXDDnVuU=",
      "requires": {
        "base64url": "2.0.0",
        "buffer-equal-constant-time": "1.0.1",
        "ecdsa-sig-formatter": "1.0.9",
        "safe-buffer": "5.1.2"
      }
    },
    "jws": {
      "version": "3.1.4",
      "resolved": "https://registry.npmjs.org/jws/-/jws-3.1.4.tgz",
      "integrity": "sha1-+ei5M46KhHJ31kRLFGT2GIDgUKI=",
      "requires": {
        "base64url": "2.0.0",
        "jwa": "1.1.5",
        "safe-buffer": "5.1.2"
      }
    },
    "lodash": {
      "version": "4.17.10",
      "resolved": "https://registry.npmjs.org/lodash/-/lodash-4.17.10.tgz",
      "integrity": "sha512-UejweD1pDoXu+AD825lWwp4ZGtSwgnpZxb3JDViD7StjQz+Nb/6l093lx4OQ0foGWNRoc19mWy7BzL+UAK2iVg=="
    },
    "lodash.includes": {
      "version": "4.3.0",
      "resolved": "https://registry.npmjs.org/lodash.includes/-/lodash.includes-4.3.0.tgz",
      "integrity": "sha1-YLuYqHy5I8aMoeUTJUgzFISfVT8="
    },
    "lodash.isboolean": {
      "version": "3.0.3",
      "resolved": "https://registry.npmjs.org/lodash.isboolean/-/lodash.isboolean-3.0.3.tgz",
      "integrity": "sha1-bC4XHbKiV82WgC/UOwGyDV9YcPY="
    },
    "lodash.isinteger": {
      "version": "4.0.4",
      "resolved": "https://registry.npmjs.org/lodash.isinteger/-/lodash.isinteger-4.0.4.tgz",
      "integrity": "sha1-YZwK89A/iwTDH1iChAt3sRzWg0M="
    },
    "lodash.isnumber": {
      "version": "3.0.3",
      "resolved": "https://registry.npmjs.org/lodash.isnumber/-/lodash.isnumber-3.0.3.tgz",
      "integrity": "sha1-POdoEMWSjQM1IwGsKHMX8RwLH/w="
    },
    "lodash.isplainobject": {
      "version": "4.0.6",
      "resolved": "https://registry.npmjs.org/lodash.isplainobject/-/lodash.isplainobject-4.0.6.tgz",
      "integrity": "sha1-fFJqUtibRcRcxpC4gWO+BJf1UMs="
    },
    "lodash.isstring": {
      "version": "4.0.1",
      "resolved": "https://registry.npmjs.org/lodash.isstring/-/lodash.isstring-4.0.1.tgz",
      "integrity": "sha1-1SfftUVuynzJu5XV2ur4i6VKVFE="
    },
    "lodash.once": {
      "version": "4.1.1",
      "resolved": "https://registry.npmjs.org/lodash.once/-/lodash.once-4.1.1.tgz",
      "integrity": "sha1-DdOXEhPHxW34gJd9UEyI+0cal6w="
    },
    "minimatch": {
      "version": "3.0.4",
      "resolved": "https://registry.npmjs.org/minimatch/-/minimatch-3.0.4.tgz",
      "integrity": "sha512-yJHVQEhyqPLUTgt9B83PXu6W3rx4MvvHvSUvToogpwoGDOUQ+yDrR0HRot+yOCdCO7u4hX3pWft6kWBBcqh0UA==",
      "requires": {
        "brace-expansion": "1.1.11"
      }
    },
    "mongodb": {
      "version": "3.0.7",
      "resolved": "https://registry.npmjs.org/mongodb/-/mongodb-3.0.7.tgz",
      "integrity": "sha512-n/14kMJEoARXz1qhpNPhUocqy+z5130jhqgEIX1Tsl8UVpHrndQ8et+VmgC4yPK/I8Tcgc93JEMQCHTekBUnNA==",
      "requires": {
        "mongodb-core": "3.0.7"
      }
    },
    "mongodb-core": {
      "version": "3.0.7",
      "resolved": "https://registry.npmjs.org/mongodb-core/-/mongodb-core-3.0.7.tgz",
      "integrity": "sha512-z6YufO7s40wLiv2ssFshqoLS4+Kf+huhHq6KZ7gDArsKNzXYjAwTMnhEIJ9GQ8fIfBGs5tBLNPfbIDoCKGPmOw==",
      "requires": {
        "bson": "1.0.6",
        "require_optional": "1.0.1"
      }
    },
    "ms": {
      "version": "2.1.1",
      "resolved": "https://registry.npmjs.org/ms/-/ms-2.1.1.tgz",
      "integrity": "sha512-tgp+dl5cGk28utYktBsrFqA7HKgrhgPsg6Z/EfhWI4gl1Hwq8B/GmY/0oXZ6nF8hDVesS/FpnYaD/kOWhYQvyg=="
    },
    "node-fetch": {
      "version": "2.0.0",
      "resolved": "https://registry.npmjs.org/node-fetch/-/node-fetch-2.0.0.tgz",
      "integrity": "sha1-mCu6Q+zU8pIqKcwYamu7C7c/y6Y="
    },
    "regenerator-runtime": {
      "version": "0.11.1",
      "resolved": "https://registry.npmjs.org/regenerator-runtime/-/regenerator-runtime-0.11.1.tgz",
      "integrity": "sha512-MguG95oij0fC3QV3URf4V2SDYGJhJnJGqvIIgdECeODCT98wSWDAJ94SSuVpYQUoTcGUIL6L4yNB7j1DFFHSBg=="
    },
    "require_optional": {
      "version": "1.0.1",
      "resolved": "https://registry.npmjs.org/require_optional/-/require_optional-1.0.1.tgz",
      "integrity": "sha512-qhM/y57enGWHAe3v/NcwML6a3/vfESLe/sGM2dII+gEO0BpKRUkWZow/tyloNqJyN6kXSl3RyyM8Ll5D/sJP8g==",
      "requires": {
        "resolve-from": "2.0.0",
        "semver": "5.5.0"
      }
    },
    "resolve-from": {
      "version": "2.0.0",
      "resolved": "https://registry.npmjs.org/resolve-from/-/resolve-from-2.0.0.tgz",
      "integrity": "sha1-lICrIOlP+h2egKgEx+oUdhGWa1c="
    },
    "safe-buffer": {
      "version": "5.1.2",
      "resolved": "https://registry.npmjs.org/safe-buffer/-/safe-buffer-5.1.2.tgz",
      "integrity": "sha512-Gd2UZBJDkXlY7GbJxfsE8/nvKkUEU1G38c1siN6QP6a9PT9MmHB8GnpscSmMJSoF8LOIrt8ud/wPtojys4G6+g=="
    },
    "semver": {
      "version": "5.5.0",
      "resolved": "https://registry.npmjs.org/semver/-/semver-5.5.0.tgz",
      "integrity": "sha512-4SJ3dm0WAwWy/NVeioZh5AntkdJoWKxHxcmyP622fOkgHa4z3R0TdBJICINyaSDE6uNwVc8gZr+ZinwZAH4xIA=="
    },
    "source-map": {
      "version": "0.6.1",
      "resolved": "https://registry.npmjs.org/source-map/-/source-map-0.6.1.tgz",
      "integrity": "sha512-UjgapumWlbMhkBgzT7Ykc5YXUT46F0iKu8SGXq0bcwP5dz/h0Plj6enJqjz1Zbq2l5WaqYnrVbwWOWMyF3F47g=="
    },
    "source-map-support": {
      "version": "0.5.5",
      "resolved": "https://registry.npmjs.org/source-map-support/-/source-map-support-0.5.5.tgz",
      "integrity": "sha512-mR7/Nd5l1z6g99010shcXJiNEaf3fEtmLhRB/sBcQVJGodcHCULPp2y4Sfa43Kv2zq7T+Izmfp/WHCR6dYkQCA==",
      "requires": {
        "buffer-from": "1.0.0",
        "source-map": "0.6.1"
      }
    },
    "sprintf-js": {
      "version": "1.0.3",
      "resolved": "https://registry.npmjs.org/sprintf-js/-/sprintf-js-1.0.3.tgz",
      "integrity": "sha1-BOaSb2YolTVPPdAVIDYzuFcpfiw="
    },
    "uuid": {
      "version": "3.2.1",
      "resolved": "https://registry.npmjs.org/uuid/-/uuid-3.2.1.tgz",
      "integrity": "sha512-jZnMwlb9Iku/O3smGWvZhauCf6cvvpKi4BKRiliS3cxnI+Gz9j5MEpTz2UFuXiKPJocb7gnsLHwiS05ige5BEA=="
    },
    "whatwg-fetch": {
      "version": "2.0.3",
      "resolved": "https://registry.npmjs.org/whatwg-fetch/-/whatwg-fetch-2.0.3.tgz",
      "integrity": "sha1-nITsLc9oGH/wC8ZOEnS0QhduHIQ="
    },
    "xtend": {
      "version": "4.0.1",
      "resolved": "https://registry.npmjs.org/xtend/-/xtend-4.0.1.tgz",
      "integrity": "sha1-pcbVMr5lbiPbgg77lDofBJmNY68="
    },
    "zen-observable": {
      "version": "0.8.8",
      "resolved": "https://registry.npmjs.org/zen-observable/-/zen-observable-0.8.8.tgz",
      "integrity": "sha512-HnhhyNnwTFzS48nihkCZIJGsWGFcYUz+XPDlPK5W84Ifji8SksC6m7sQWOf8zdCGhzQ4tDYuMYGu5B0N1dXTtg=="
    },
    "zen-observable-ts": {
      "version": "0.8.9",
      "resolved": "https://registry.npmjs.org/zen-observable-ts/-/zen-observable-ts-0.8.9.tgz",
      "integrity": "sha512-KJz2O8FxbAdAU5CSc8qZ1K2WYEJb1HxS6XDRF+hOJ1rOYcg6eTMmS9xYHCXzqZZzKw6BbXWyF4UpwSsBQnHJeA==",
      "requires": {
        "zen-observable": "0.8.8"
      }
    }
  }
}
